{
  "name": "@sami/opencode-zai-vision",
  "version": "1.0.0",
  "lockfileVersion": 3,
  "requires": true,
  "packages": {
    "": {
      "name": "@sami/opencode-zai-vision",
      "version": "1.0.0",
      "license": "MIT",
      "devDependencies": {
        "@types/node": "^25.2.3",
        "typescript": "^5.9.3"
      },
      "peerDependencies": {
        "@opencode-ai/plugin": ">=0.0.0"
      }
    },
    "node_modules/@opencode-ai/plugin": {
      "version": "1.2.2",
      "resolved": "https://registry.npmjs.org/@opencode-ai/plugin/-/plugin-1.2.2.tgz",
      "integrity": "sha512-uw/pY1VO5vYY1+x2r2DJPxT1N41cI9Q/J0rNIcb/5e9Cmt69dB9BEaDdG+y8XQIlVerRFKLllO+FbE7z1b3XTA==",
      "license": "MIT",
      "peer": true,
      "dependencies": {
        "@opencode-ai/sdk": "1.2.2",
        "zod": "4.1.8"
      }
    },
    "node_modules/@opencode-ai/sdk": {
      "version": "1.2.2",
      "resolved": "https://registry.npmjs.org/@opencode-ai/sdk/-/sdk-1.2.2.tgz",
      "integrity": "sha512-vdCSRoqZdh2ruof8w5nIRuCXeVdNP0ffOHm9p74cAAKkupptQ5khRwBB9U0mcWEL7ey7cZ4gttvGnHMRGn+TPg==",
      "license": "MIT",
      "peer": true
    },
    "node_modules/@types/node": {
      "version": "25.2.3",
      "resolved": "https://registry.npmjs.org/@types/node/-/node-25.2.3.tgz",
      "integrity": "sha512-m0jEgYlYz+mDJZ2+F4v8D1AyQb+QzsNqRuI7xg1VQX/KlKS0qT9r1Mo16yo5F/MtifXFgaofIFsdFMox2SxIbQ==",
      "dev": true,
      "license": "MIT",
      "dependencies": {
        "undici-types": "~7.16.0"
      }
    },
    "node_modules/typescript": {
      "version": "5.9.3",
      "resolved": "https://registry.npmjs.org/typescript/-/typescript-5.9.3.tgz",
      "integrity": "sha512-jl1vZzPDinLr9eUt3J/t7V6FgNEw9QjvBPdysz9KfQDD41fQrC2Y4vKQdiaUpFT4bXlb1RHhLpp8wtm6M5TgSw==",
      "dev": true,
      "license": "Apache-2.0",
      "bin": {
        "tsc": "bin/tsc",
        "tsserver": "bin/tsserver"
      },
      "engines": {
        "node": ">=14.17"
      }
    },
    "node_modules/undici-types": {
      "version": "7.16.0",
      "resolved": "https://registry.npmjs.org/undici-types/-/undici-types-7.16.0.tgz",
      "integrity": "sha512-Zz+aZWSj8LE6zoxD+xrjh4VfkIG8Ya6LvYkZqtUQGJPZjYl53ypCaUwWqo7eI0x66KBGeRo+mlBEkMSeSZ38Nw==",
      "dev": true,
      "license": "MIT"
    },
    "node_modules/zod": {
      "version": "4.1.8",
      "resolved": "https://registry.npmjs.org/zod/-/zod-4.1.8.tgz",
      "integrity": "sha512-5R1P+WwQqmmMIEACyzSvo4JXHY5WiAFHRMg+zBZKgKS+Q1viRa0C1hmUKtHltoIFKtIdki3pRxkmpP74jnNYHQ==",
      "license": "MIT",
      "peer": true,
      "funding": {
        "url": "https://github.com/sponsors/colinhacks"
      }
    }
  }
}
